
Microsoft Visual Studio Solution File, Format Version 12.00
# Visual Studio Version 16
VisualStudioVersion = 16.0.29326.143
MinimumVisualStudioVersion = 10.0.40219.1
Project("{FAE04EC0-301F-11D3-BF4B-00C04F79EFBC}") = "WebCachedApplication", "WebCachedApplication\WebCachedApplication.csproj", "{4E62B277-1C4C-40D4-B627-E44EF592D162}"
EndProject
Global
	GlobalSection(SolutionConfigurationPlatforms) = preSolution
		Debug|Any CPU = Debug|Any CPU
		Release|Any CPU = Release|Any CPU
	EndGlobalSection
	GlobalSection(ProjectConfigurationPlatforms) = postSolution
		{4E62B277-1C4C-40D4-B627-E44EF592D162}.Debug|Any CPU.ActiveCfg = Debug|Any CPU
		{4E62B277-1C4C-40D4-B627-E44EF592D162}.Debug|Any CPU.Build.0 = Debug|Any CPU
		{4E62B277-1C4C-40D4-B627-E44EF592D162}.Release|Any CPU.ActiveCfg = Release|Any CPU
		{4E62B277-1C4C-40D4-B627-E44EF592D162}.Release|Any CPU.Build.0 = Release|Any CPU
	EndGlobalSection
	GlobalSection(SolutionProperties) = preSolution
		HideSolutionNode = FALSE
	EndGlobalSection
	GlobalSection(ExtensibilityGlobals) = postSolution
		SolutionGuid = {9CE2FB85-BC8B-47B8-A17F-2359B2B580FD}
	EndGlobalSection
EndGlobal
