
Microsoft Visual Studio Solution File, Format Version 12.00
# Visual Studio Version 16
VisualStudioVersion = 16.0.28917.181
MinimumVisualStudioVersion = 10.0.40219.1
Project("{9A19103F-16F7-4668-BE54-9A1E7A4F7556}") = "Abs.BooksCatalog.Service", "Abs.BooksCatalog.Service\Abs.BooksCatalog.Service.csproj", "{4DF31010-EF11-4173-9FCA-87CB43BD7D8B}"
EndProject
Project("{9A19103F-16F7-4668-BE54-9A1E7A4F7556}") = "Abs.FilesManager.Services", "Abs.FilesManager.Services\Abs.FilesManager.Services.csproj", "{13817072-E9AD-4EAB-92FF-0CE2E9C815D1}"
EndProject
Project("{9A19103F-16F7-4668-BE54-9A1E7A4F7556}") = "Abs.Messages", "Abs.Messages\Abs.Messages.csproj", "{D5D5E97E-3DCC-435B-AA60-6FB236617EC8}"
EndProject
Project("{E53339B2-1760-4266-BCC7-CA923CBCF16C}") = "docker-compose", "docker-compose.dcproj", "{B6A795B6-5364-4D3B-99B7-4687F5C5EC18}"
EndProject
Global
	GlobalSection(SolutionConfigurationPlatforms) = preSolution
		Debug|Any CPU = Debug|Any CPU
		Debug|x64 = Debug|x64
		Debug|x86 = Debug|x86
		Release|Any CPU = Release|Any CPU
		Release|x64 = Release|x64
		Release|x86 = Release|x86
	EndGlobalSection
	GlobalSection(ProjectConfigurationPlatforms) = postSolution
		{4DF31010-EF11-4173-9FCA-87CB43BD7D8B}.Debug|Any CPU.ActiveCfg = Debug|Any CPU
		{4DF31010-EF11-4173-9FCA-87CB43BD7D8B}.Debug|Any CPU.Build.0 = Debug|Any CPU
		{4DF31010-EF11-4173-9FCA-87CB43BD7D8B}.Debug|x64.ActiveCfg = Debug|Any CPU
		{4DF31010-EF11-4173-9FCA-87CB43BD7D8B}.Debug|x64.Build.0 = Debug|Any CPU
		{4DF31010-EF11-4173-9FCA-87CB43BD7D8B}.Debug|x86.ActiveCfg = Debug|Any CPU
		{4DF31010-EF11-4173-9FCA-87CB43BD7D8B}.Debug|x86.Build.0 = Debug|Any CPU
		{4DF31010-EF11-4173-9FCA-87CB43BD7D8B}.Release|Any CPU.ActiveCfg = Release|Any CPU
		{4DF31010-EF11-4173-9FCA-87CB43BD7D8B}.Release|Any CPU.Build.0 = Release|Any CPU
		{4DF31010-EF11-4173-9FCA-87CB43BD7D8B}.Release|x64.ActiveCfg = Release|Any CPU
		{4DF31010-EF11-4173-9FCA-87CB43BD7D8B}.Release|x64.Build.0 = Release|Any CPU
		{4DF31010-EF11-4173-9FCA-87CB43BD7D8B}.Release|x86.ActiveCfg = Release|Any CPU
		{4DF31010-EF11-4173-9FCA-87CB43BD7D8B}.Release|x86.Build.0 = Release|Any CPU
		{13817072-E9AD-4EAB-92FF-0CE2E9C815D1}.Debug|Any CPU.ActiveCfg = Debug|Any CPU
		{13817072-E9AD-4EAB-92FF-0CE2E9C815D1}.Debug|Any CPU.Build.0 = Debug|Any CPU
		{13817072-E9AD-4EAB-92FF-0CE2E9C815D1}.Debug|x64.ActiveCfg = Debug|Any CPU
		{13817072-E9AD-4EAB-92FF-0CE2E9C815D1}.Debug|x64.Build.0 = Debug|Any CPU
		{13817072-E9AD-4EAB-92FF-0CE2E9C815D1}.Debug|x86.ActiveCfg = Debug|Any CPU
		{13817072-E9AD-4EAB-92FF-0CE2E9C815D1}.Debug|x86.Build.0 = Debug|Any CPU
		{13817072-E9AD-4EAB-92FF-0CE2E9C815D1}.Release|Any CPU.ActiveCfg = Release|Any CPU
		{13817072-E9AD-4EAB-92FF-0CE2E9C815D1}.Release|Any CPU.Build.0 = Release|Any CPU
		{13817072-E9AD-4EAB-92FF-0CE2E9C815D1}.Release|x64.ActiveCfg = Release|Any CPU
		{13817072-E9AD-4EAB-92FF-0CE2E9C815D1}.Release|x64.Build.0 = Release|Any CPU
		{13817072-E9AD-4EAB-92FF-0CE2E9C815D1}.Release|x86.ActiveCfg = Release|Any CPU
		{13817072-E9AD-4EAB-92FF-0CE2E9C815D1}.Release|x86.Build.0 = Release|Any CPU
		{D5D5E97E-3DCC-435B-AA60-6FB236617EC8}.Debug|Any CPU.ActiveCfg = Debug|Any CPU
		{D5D5E97E-3DCC-435B-AA60-6FB236617EC8}.Debug|Any CPU.Build.0 = Debug|Any CPU
		{D5D5E97E-3DCC-435B-AA60-6FB236617EC8}.Debug|x64.ActiveCfg = Debug|Any CPU
		{D5D5E97E-3DCC-435B-AA60-6FB236617EC8}.Debug|x64.Build.0 = Debug|Any CPU
		{D5D5E97E-3DCC-435B-AA60-6FB236617EC8}.Debug|x86.ActiveCfg = Debug|Any CPU
		{D5D5E97E-3DCC-435B-AA60-6FB236617EC8}.Debug|x86.Build.0 = Debug|Any CPU
		{D5D5E97E-3DCC-435B-AA60-6FB236617EC8}.Release|Any CPU.ActiveCfg = Release|Any CPU
		{D5D5E97E-3DCC-435B-AA60-6FB236617EC8}.Release|Any CPU.Build.0 = Release|Any CPU
		{D5D5E97E-3DCC-435B-AA60-6FB236617EC8}.Release|x64.ActiveCfg = Release|Any CPU
		{D5D5E97E-3DCC-435B-AA60-6FB236617EC8}.Release|x64.Build.0 = Release|Any CPU
		{D5D5E97E-3DCC-435B-AA60-6FB236617EC8}.Release|x86.ActiveCfg = Release|Any CPU
		{D5D5E97E-3DCC-435B-AA60-6FB236617EC8}.Release|x86.Build.0 = Release|Any CPU
		{B6A795B6-5364-4D3B-99B7-4687F5C5EC18}.Debug|Any CPU.ActiveCfg = Debug|Any CPU
		{B6A795B6-5364-4D3B-99B7-4687F5C5EC18}.Debug|Any CPU.Build.0 = Debug|Any CPU
		{B6A795B6-5364-4D3B-99B7-4687F5C5EC18}.Debug|x64.ActiveCfg = Debug|Any CPU
		{B6A795B6-5364-4D3B-99B7-4687F5C5EC18}.Debug|x64.Build.0 = Debug|Any CPU
		{B6A795B6-5364-4D3B-99B7-4687F5C5EC18}.Debug|x86.ActiveCfg = Debug|Any CPU
		{B6A795B6-5364-4D3B-99B7-4687F5C5EC18}.Debug|x86.Build.0 = Debug|Any CPU
		{B6A795B6-5364-4D3B-99B7-4687F5C5EC18}.Release|Any CPU.ActiveCfg = Release|Any CPU
		{B6A795B6-5364-4D3B-99B7-4687F5C5EC18}.Release|Any CPU.Build.0 = Release|Any CPU
		{B6A795B6-5364-4D3B-99B7-4687F5C5EC18}.Release|x64.ActiveCfg = Release|Any CPU
		{B6A795B6-5364-4D3B-99B7-4687F5C5EC18}.Release|x64.Build.0 = Release|Any CPU
		{B6A795B6-5364-4D3B-99B7-4687F5C5EC18}.Release|x86.ActiveCfg = Release|Any CPU
		{B6A795B6-5364-4D3B-99B7-4687F5C5EC18}.Release|x86.Build.0 = Release|Any CPU
	EndGlobalSection
	GlobalSection(SolutionProperties) = preSolution
		HideSolutionNode = FALSE
	EndGlobalSection
	GlobalSection(ExtensibilityGlobals) = postSolution
		SolutionGuid = {D6ECB8F8-4114-4E92-8CBC-CC592F3FAAA7}
	EndGlobalSection
EndGlobal
